
Microsoft Visual Studio Solution File, Format Version 12.00
# Visual Studio Version 17
VisualStudioVersion = 17.8.34330.188
MinimumVisualStudioVersion = 10.0.40219.1
Project("{FAE04EC0-301F-11D3-BF4B-00C04F79EFBC}") = "Ekzamen", "Ekzamen\Ekzamen.csproj", "{37FDA084-8348-4334-8642-72855EA0A501}"
EndProject
Global
	GlobalSection(SolutionConfigurationPlatforms) = preSolution
		Debug|Any CPU = Debug|Any CPU
		Release|Any CPU = Release|Any CPU
	EndGlobalSection
	GlobalSection(ProjectConfigurationPlatforms) = postSolution
		{37FDA084-8348-4334-8642-72855EA0A501}.Debug|Any CPU.ActiveCfg = Debug|Any CPU
		{37FDA084-8348-4334-8642-72855EA0A501}.Debug|Any CPU.Build.0 = Debug|Any CPU
		{37FDA084-8348-4334-8642-72855EA0A501}.Release|Any CPU.ActiveCfg = Release|Any CPU
		{37FDA084-8348-4334-8642-72855EA0A501}.Release|Any CPU.Build.0 = Release|Any CPU
	EndGlobalSection
	GlobalSection(SolutionProperties) = preSolution
		HideSolutionNode = FALSE
	EndGlobalSection
	GlobalSection(ExtensibilityGlobals) = postSolution
		SolutionGuid = {42E403E9-B181-4D25-9F37-D30C4B3D30BD}
	EndGlobalSection
EndGlobal
