
Microsoft Visual Studio Solution File, Format Version 12.00
# Visual Studio Version 17
VisualStudioVersion = 17.7.34031.279
MinimumVisualStudioVersion = 10.0.40219.1
Project("{FAE04EC0-301F-11D3-BF4B-00C04F79EFBC}") = "wfmAnchor", "wfmAnchor\wfmAnchor.csproj", "{8CB8FFA2-123C-4274-A15B-6516E19AAFBA}"
EndProject
Global
	GlobalSection(SolutionConfigurationPlatforms) = preSolution
		Debug|Any CPU = Debug|Any CPU
		Release|Any CPU = Release|Any CPU
	EndGlobalSection
	GlobalSection(ProjectConfigurationPlatforms) = postSolution
		{8CB8FFA2-123C-4274-A15B-6516E19AAFBA}.Debug|Any CPU.ActiveCfg = Debug|Any CPU
		{8CB8FFA2-123C-4274-A15B-6516E19AAFBA}.Debug|Any CPU.Build.0 = Debug|Any CPU
		{8CB8FFA2-123C-4274-A15B-6516E19AAFBA}.Release|Any CPU.ActiveCfg = Release|Any CPU
		{8CB8FFA2-123C-4274-A15B-6516E19AAFBA}.Release|Any CPU.Build.0 = Release|Any CPU
	EndGlobalSection
	GlobalSection(SolutionProperties) = preSolution
		HideSolutionNode = FALSE
	EndGlobalSection
	GlobalSection(ExtensibilityGlobals) = postSolution
		SolutionGuid = {C7BD59DB-8AFF-4E90-BD73-B501A922111D}
	EndGlobalSection
EndGlobal
